
Microsoft Visual Studio Solution File, Format Version 12.00
# Visual Studio Version 17
VisualStudioVersion = 17.11.35222.181
MinimumVisualStudioVersion = 10.0.40219.1
Project("{FAE04EC0-301F-11D3-BF4B-00C04F79EFBC}") = "lmsChalenge", "lmsChalenge\lmsChalenge.csproj", "{9FAD47DE-4ECA-4AED-B71F-894B50AEA821}"
EndProject
Project("{FAE04EC0-301F-11D3-BF4B-00C04F79EFBC}") = "Application", "Application\Application.csproj", "{098BC981-3874-4769-8791-2B9D5D53EE3C}"
EndProject
Project("{FAE04EC0-301F-11D3-BF4B-00C04F79EFBC}") = "Domain", "Domain\Domain.csproj", "{62352570-A750-4A8B-BBE4-C935987EB503}"
EndProject
Project("{FAE04EC0-301F-11D3-BF4B-00C04F79EFBC}") = "Infrastructure", "Infrastructure\Infrastructure.csproj", "{C35DCA95-6BD7-4C17-AF2A-D82C8A167BA2}"
EndProject
Project("{FAE04EC0-301F-11D3-BF4B-00C04F79EFBC}") = "Shared", "Shared\Shared.csproj", "{961AD54B-C88D-4B30-9B58-F6F90556DC92}"
EndProject
Global
	GlobalSection(SolutionConfigurationPlatforms) = preSolution
		Debug|Any CPU = Debug|Any CPU
		Release|Any CPU = Release|Any CPU
	EndGlobalSection
	GlobalSection(ProjectConfigurationPlatforms) = postSolution
		{9FAD47DE-4ECA-4AED-B71F-894B50AEA821}.Debug|Any CPU.ActiveCfg = Debug|Any CPU
		{9FAD47DE-4ECA-4AED-B71F-894B50AEA821}.Debug|Any CPU.Build.0 = Debug|Any CPU
		{9FAD47DE-4ECA-4AED-B71F-894B50AEA821}.Release|Any CPU.ActiveCfg = Release|Any CPU
		{9FAD47DE-4ECA-4AED-B71F-894B50AEA821}.Release|Any CPU.Build.0 = Release|Any CPU
		{098BC981-3874-4769-8791-2B9D5D53EE3C}.Debug|Any CPU.ActiveCfg = Debug|Any CPU
		{098BC981-3874-4769-8791-2B9D5D53EE3C}.Debug|Any CPU.Build.0 = Debug|Any CPU
		{098BC981-3874-4769-8791-2B9D5D53EE3C}.Release|Any CPU.ActiveCfg = Release|Any CPU
		{098BC981-3874-4769-8791-2B9D5D53EE3C}.Release|Any CPU.Build.0 = Release|Any CPU
		{62352570-A750-4A8B-BBE4-C935987EB503}.Debug|Any CPU.ActiveCfg = Debug|Any CPU
		{62352570-A750-4A8B-BBE4-C935987EB503}.Debug|Any CPU.Build.0 = Debug|Any CPU
		{62352570-A750-4A8B-BBE4-C935987EB503}.Release|Any CPU.ActiveCfg = Release|Any CPU
		{62352570-A750-4A8B-BBE4-C935987EB503}.Release|Any CPU.Build.0 = Release|Any CPU
		{C35DCA95-6BD7-4C17-AF2A-D82C8A167BA2}.Debug|Any CPU.ActiveCfg = Debug|Any CPU
		{C35DCA95-6BD7-4C17-AF2A-D82C8A167BA2}.Debug|Any CPU.Build.0 = Debug|Any CPU
		{C35DCA95-6BD7-4C17-AF2A-D82C8A167BA2}.Release|Any CPU.ActiveCfg = Release|Any CPU
		{C35DCA95-6BD7-4C17-AF2A-D82C8A167BA2}.Release|Any CPU.Build.0 = Release|Any CPU
		{961AD54B-C88D-4B30-9B58-F6F90556DC92}.Debug|Any CPU.ActiveCfg = Debug|Any CPU
		{961AD54B-C88D-4B30-9B58-F6F90556DC92}.Debug|Any CPU.Build.0 = Debug|Any CPU
		{961AD54B-C88D-4B30-9B58-F6F90556DC92}.Release|Any CPU.ActiveCfg = Release|Any CPU
		{961AD54B-C88D-4B30-9B58-F6F90556DC92}.Release|Any CPU.Build.0 = Release|Any CPU
	EndGlobalSection
	GlobalSection(SolutionProperties) = preSolution
		HideSolutionNode = FALSE
	EndGlobalSection
	GlobalSection(ExtensibilityGlobals) = postSolution
		SolutionGuid = {26366C71-2CA6-4771-9F69-9E84F6DBA284}
	EndGlobalSection
EndGlobal
